
Microsoft Visual Studio Solution File, Format Version 12.00
# Visual Studio Version 17
Project("{8BC9CEB8-8B4A-11D0-8D11-00A0C91BC942}") = "ALL_BUILD", "ALL_BUILD.vcxproj", "{EC1D486D-3662-3089-9852-CCC567C5C9D3}"
	ProjectSection(ProjectDependencies) = postProject
		{EF1AA212-637E-32D2-A664-7B831EB9ED2D} = {EF1AA212-637E-32D2-A664-7B831EB9ED2D}
		{740C8175-75F9-304A-9640-817C2779AACC} = {740C8175-75F9-304A-9640-817C2779AACC}
		{D99E7268-7BF7-3C51-A033-C5FB1925A025} = {D99E7268-7BF7-3C51-A033-C5FB1925A025}
		{E4B0D701-665B-3608-A548-6C9BB25DEAAE} = {E4B0D701-665B-3608-A548-6C9BB25DEAAE}
		{2B1890C6-56A8-3DA6-9B86-615BD2894DD7} = {2B1890C6-56A8-3DA6-9B86-615BD2894DD7}
		{094FB53E-91C7-3C79-BE27-48BE3B91AE86} = {094FB53E-91C7-3C79-BE27-48BE3B91AE86}
		{7B2130DC-50ED-3183-9CF0-2844116D2B66} = {7B2130DC-50ED-3183-9CF0-2844116D2B66}
		{A9A5796C-8A70-3D2A-A79A-D6DAC1619B2E} = {A9A5796C-8A70-3D2A-A79A-D6DAC1619B2E}
		{4FD6E5E4-C57B-37EE-8A13-D71B834C464A} = {4FD6E5E4-C57B-37EE-8A13-D71B834C464A}
		{2F3C6467-0FA6-361C-A5C7-69677CB1E575} = {2F3C6467-0FA6-361C-A5C7-69677CB1E575}
	EndProjectSection
EndProject
Project("{8BC9CEB8-8B4A-11D0-8D11-00A0C91BC942}") = "INSTALL", "INSTALL.vcxproj", "{660CF373-0CDB-3A30-85DE-942A40949E88}"
	ProjectSection(ProjectDependencies) = postProject
		{EC1D486D-3662-3089-9852-CCC567C5C9D3} = {EC1D486D-3662-3089-9852-CCC567C5C9D3}
		{EF1AA212-637E-32D2-A664-7B831EB9ED2D} = {EF1AA212-637E-32D2-A664-7B831EB9ED2D}
	EndProjectSection
EndProject
Project("{8BC9CEB8-8B4A-11D0-8D11-00A0C91BC942}") = "RUN_TESTS", "RUN_TESTS.vcxproj", "{7CB80794-639C-395A-A11C-E16A44EBCA0C}"
	ProjectSection(ProjectDependencies) = postProject
		{EF1AA212-637E-32D2-A664-7B831EB9ED2D} = {EF1AA212-637E-32D2-A664-7B831EB9ED2D}
	EndProjectSection
EndProject
Project("{8BC9CEB8-8B4A-11D0-8D11-00A0C91BC942}") = "ZERO_CHECK", "ZERO_CHECK.vcxproj", "{EF1AA212-637E-32D2-A664-7B831EB9ED2D}"
	ProjectSection(ProjectDependencies) = postProject
	EndProjectSection
EndProject
Project("{8BC9CEB8-8B4A-11D0-8D11-00A0C91BC942}") = "png-fix-itxt", "png-fix-itxt.vcxproj", "{740C8175-75F9-304A-9640-817C2779AACC}"
	ProjectSection(ProjectDependencies) = postProject
		{EF1AA212-637E-32D2-A664-7B831EB9ED2D} = {EF1AA212-637E-32D2-A664-7B831EB9ED2D}
	EndProjectSection
EndProject
Project("{8BC9CEB8-8B4A-11D0-8D11-00A0C91BC942}") = "png_genfiles", "png_genfiles.vcxproj", "{51BAB2A2-88B3-39D5-A3EA-E9806A875588}"
	ProjectSection(ProjectDependencies) = postProject
		{EF1AA212-637E-32D2-A664-7B831EB9ED2D} = {EF1AA212-637E-32D2-A664-7B831EB9ED2D}
	EndProjectSection
EndProject
Project("{8BC9CEB8-8B4A-11D0-8D11-00A0C91BC942}") = "png_shared", "png_shared.vcxproj", "{D99E7268-7BF7-3C51-A033-C5FB1925A025}"
	ProjectSection(ProjectDependencies) = postProject
		{EF1AA212-637E-32D2-A664-7B831EB9ED2D} = {EF1AA212-637E-32D2-A664-7B831EB9ED2D}
		{51BAB2A2-88B3-39D5-A3EA-E9806A875588} = {51BAB2A2-88B3-39D5-A3EA-E9806A875588}
	EndProjectSection
EndProject
Project("{8BC9CEB8-8B4A-11D0-8D11-00A0C91BC942}") = "png_static", "png_static.vcxproj", "{E4B0D701-665B-3608-A548-6C9BB25DEAAE}"
	ProjectSection(ProjectDependencies) = postProject
		{EF1AA212-637E-32D2-A664-7B831EB9ED2D} = {EF1AA212-637E-32D2-A664-7B831EB9ED2D}
		{51BAB2A2-88B3-39D5-A3EA-E9806A875588} = {51BAB2A2-88B3-39D5-A3EA-E9806A875588}
	EndProjectSection
EndProject
Project("{8BC9CEB8-8B4A-11D0-8D11-00A0C91BC942}") = "pngfix", "pngfix.vcxproj", "{2B1890C6-56A8-3DA6-9B86-615BD2894DD7}"
	ProjectSection(ProjectDependencies) = postProject
		{EF1AA212-637E-32D2-A664-7B831EB9ED2D} = {EF1AA212-637E-32D2-A664-7B831EB9ED2D}
		{D99E7268-7BF7-3C51-A033-C5FB1925A025} = {D99E7268-7BF7-3C51-A033-C5FB1925A025}
	EndProjectSection
EndProject
Project("{8BC9CEB8-8B4A-11D0-8D11-00A0C91BC942}") = "pngimage", "pngimage.vcxproj", "{094FB53E-91C7-3C79-BE27-48BE3B91AE86}"
	ProjectSection(ProjectDependencies) = postProject
		{EF1AA212-637E-32D2-A664-7B831EB9ED2D} = {EF1AA212-637E-32D2-A664-7B831EB9ED2D}
		{D99E7268-7BF7-3C51-A033-C5FB1925A025} = {D99E7268-7BF7-3C51-A033-C5FB1925A025}
	EndProjectSection
EndProject
Project("{8BC9CEB8-8B4A-11D0-8D11-00A0C91BC942}") = "pngstest", "pngstest.vcxproj", "{7B2130DC-50ED-3183-9CF0-2844116D2B66}"
	ProjectSection(ProjectDependencies) = postProject
		{EF1AA212-637E-32D2-A664-7B831EB9ED2D} = {EF1AA212-637E-32D2-A664-7B831EB9ED2D}
		{D99E7268-7BF7-3C51-A033-C5FB1925A025} = {D99E7268-7BF7-3C51-A033-C5FB1925A025}
	EndProjectSection
EndProject
Project("{8BC9CEB8-8B4A-11D0-8D11-00A0C91BC942}") = "pngtest", "pngtest.vcxproj", "{A9A5796C-8A70-3D2A-A79A-D6DAC1619B2E}"
	ProjectSection(ProjectDependencies) = postProject
		{EF1AA212-637E-32D2-A664-7B831EB9ED2D} = {EF1AA212-637E-32D2-A664-7B831EB9ED2D}
		{D99E7268-7BF7-3C51-A033-C5FB1925A025} = {D99E7268-7BF7-3C51-A033-C5FB1925A025}
	EndProjectSection
EndProject
Project("{8BC9CEB8-8B4A-11D0-8D11-00A0C91BC942}") = "pngunknown", "pngunknown.vcxproj", "{4FD6E5E4-C57B-37EE-8A13-D71B834C464A}"
	ProjectSection(ProjectDependencies) = postProject
		{EF1AA212-637E-32D2-A664-7B831EB9ED2D} = {EF1AA212-637E-32D2-A664-7B831EB9ED2D}
		{D99E7268-7BF7-3C51-A033-C5FB1925A025} = {D99E7268-7BF7-3C51-A033-C5FB1925A025}
	EndProjectSection
EndProject
Project("{8BC9CEB8-8B4A-11D0-8D11-00A0C91BC942}") = "pngvalid", "pngvalid.vcxproj", "{2F3C6467-0FA6-361C-A5C7-69677CB1E575}"
	ProjectSection(ProjectDependencies) = postProject
		{EF1AA212-637E-32D2-A664-7B831EB9ED2D} = {EF1AA212-637E-32D2-A664-7B831EB9ED2D}
		{D99E7268-7BF7-3C51-A033-C5FB1925A025} = {D99E7268-7BF7-3C51-A033-C5FB1925A025}
	EndProjectSection
EndProject
Global
	GlobalSection(SolutionConfigurationPlatforms) = preSolution
		Debug|x64 = Debug|x64
		Release|x64 = Release|x64
		MinSizeRel|x64 = MinSizeRel|x64
		RelWithDebInfo|x64 = RelWithDebInfo|x64
	EndGlobalSection
	GlobalSection(ProjectConfigurationPlatforms) = postSolution
		{EC1D486D-3662-3089-9852-CCC567C5C9D3}.Debug|x64.ActiveCfg = Debug|x64
		{EC1D486D-3662-3089-9852-CCC567C5C9D3}.Debug|x64.Build.0 = Debug|x64
		{EC1D486D-3662-3089-9852-CCC567C5C9D3}.Release|x64.ActiveCfg = Release|x64
		{EC1D486D-3662-3089-9852-CCC567C5C9D3}.Release|x64.Build.0 = Release|x64
		{EC1D486D-3662-3089-9852-CCC567C5C9D3}.MinSizeRel|x64.ActiveCfg = MinSizeRel|x64
		{EC1D486D-3662-3089-9852-CCC567C5C9D3}.MinSizeRel|x64.Build.0 = MinSizeRel|x64
		{EC1D486D-3662-3089-9852-CCC567C5C9D3}.RelWithDebInfo|x64.ActiveCfg = RelWithDebInfo|x64
		{EC1D486D-3662-3089-9852-CCC567C5C9D3}.RelWithDebInfo|x64.Build.0 = RelWithDebInfo|x64
		{660CF373-0CDB-3A30-85DE-942A40949E88}.Debug|x64.ActiveCfg = Debug|x64
		{660CF373-0CDB-3A30-85DE-942A40949E88}.Release|x64.ActiveCfg = Release|x64
		{660CF373-0CDB-3A30-85DE-942A40949E88}.MinSizeRel|x64.ActiveCfg = MinSizeRel|x64
		{660CF373-0CDB-3A30-85DE-942A40949E88}.RelWithDebInfo|x64.ActiveCfg = RelWithDebInfo|x64
		{7CB80794-639C-395A-A11C-E16A44EBCA0C}.Debug|x64.ActiveCfg = Debug|x64
		{7CB80794-639C-395A-A11C-E16A44EBCA0C}.Release|x64.ActiveCfg = Release|x64
		{7CB80794-639C-395A-A11C-E16A44EBCA0C}.MinSizeRel|x64.ActiveCfg = MinSizeRel|x64
		{7CB80794-639C-395A-A11C-E16A44EBCA0C}.RelWithDebInfo|x64.ActiveCfg = RelWithDebInfo|x64
		{EF1AA212-637E-32D2-A664-7B831EB9ED2D}.Debug|x64.ActiveCfg = Debug|x64
		{EF1AA212-637E-32D2-A664-7B831EB9ED2D}.Debug|x64.Build.0 = Debug|x64
		{EF1AA212-637E-32D2-A664-7B831EB9ED2D}.Release|x64.ActiveCfg = Release|x64
		{EF1AA212-637E-32D2-A664-7B831EB9ED2D}.Release|x64.Build.0 = Release|x64
		{EF1AA212-637E-32D2-A664-7B831EB9ED2D}.MinSizeRel|x64.ActiveCfg = MinSizeRel|x64
		{EF1AA212-637E-32D2-A664-7B831EB9ED2D}.MinSizeRel|x64.Build.0 = MinSizeRel|x64
		{EF1AA212-637E-32D2-A664-7B831EB9ED2D}.RelWithDebInfo|x64.ActiveCfg = RelWithDebInfo|x64
		{EF1AA212-637E-32D2-A664-7B831EB9ED2D}.RelWithDebInfo|x64.Build.0 = RelWithDebInfo|x64
		{740C8175-75F9-304A-9640-817C2779AACC}.Debug|x64.ActiveCfg = Debug|x64
		{740C8175-75F9-304A-9640-817C2779AACC}.Debug|x64.Build.0 = Debug|x64
		{740C8175-75F9-304A-9640-817C2779AACC}.Release|x64.ActiveCfg = Release|x64
		{740C8175-75F9-304A-9640-817C2779AACC}.Release|x64.Build.0 = Release|x64
		{740C8175-75F9-304A-9640-817C2779AACC}.MinSizeRel|x64.ActiveCfg = MinSizeRel|x64
		{740C8175-75F9-304A-9640-817C2779AACC}.MinSizeRel|x64.Build.0 = MinSizeRel|x64
		{740C8175-75F9-304A-9640-817C2779AACC}.RelWithDebInfo|x64.ActiveCfg = RelWithDebInfo|x64
		{740C8175-75F9-304A-9640-817C2779AACC}.RelWithDebInfo|x64.Build.0 = RelWithDebInfo|x64
		{51BAB2A2-88B3-39D5-A3EA-E9806A875588}.Debug|x64.ActiveCfg = Debug|x64
		{51BAB2A2-88B3-39D5-A3EA-E9806A875588}.Debug|x64.Build.0 = Debug|x64
		{51BAB2A2-88B3-39D5-A3EA-E9806A875588}.Release|x64.ActiveCfg = Release|x64
		{51BAB2A2-88B3-39D5-A3EA-E9806A875588}.Release|x64.Build.0 = Release|x64
		{51BAB2A2-88B3-39D5-A3EA-E9806A875588}.MinSizeRel|x64.ActiveCfg = MinSizeRel|x64
		{51BAB2A2-88B3-39D5-A3EA-E9806A875588}.MinSizeRel|x64.Build.0 = MinSizeRel|x64
		{51BAB2A2-88B3-39D5-A3EA-E9806A875588}.RelWithDebInfo|x64.ActiveCfg = RelWithDebInfo|x64
		{51BAB2A2-88B3-39D5-A3EA-E9806A875588}.RelWithDebInfo|x64.Build.0 = RelWithDebInfo|x64
		{D99E7268-7BF7-3C51-A033-C5FB1925A025}.Debug|x64.ActiveCfg = Debug|x64
		{D99E7268-7BF7-3C51-A033-C5FB1925A025}.Debug|x64.Build.0 = Debug|x64
		{D99E7268-7BF7-3C51-A033-C5FB1925A025}.Release|x64.ActiveCfg = Release|x64
		{D99E7268-7BF7-3C51-A033-C5FB1925A025}.Release|x64.Build.0 = Release|x64
		{D99E7268-7BF7-3C51-A033-C5FB1925A025}.MinSizeRel|x64.ActiveCfg = MinSizeRel|x64
		{D99E7268-7BF7-3C51-A033-C5FB1925A025}.MinSizeRel|x64.Build.0 = MinSizeRel|x64
		{D99E7268-7BF7-3C51-A033-C5FB1925A025}.RelWithDebInfo|x64.ActiveCfg = RelWithDebInfo|x64
		{D99E7268-7BF7-3C51-A033-C5FB1925A025}.RelWithDebInfo|x64.Build.0 = RelWithDebInfo|x64
		{E4B0D701-665B-3608-A548-6C9BB25DEAAE}.Debug|x64.ActiveCfg = Debug|x64
		{E4B0D701-665B-3608-A548-6C9BB25DEAAE}.Debug|x64.Build.0 = Debug|x64
		{E4B0D701-665B-3608-A548-6C9BB25DEAAE}.Release|x64.ActiveCfg = Release|x64
		{E4B0D701-665B-3608-A548-6C9BB25DEAAE}.Release|x64.Build.0 = Release|x64
		{E4B0D701-665B-3608-A548-6C9BB25DEAAE}.MinSizeRel|x64.ActiveCfg = MinSizeRel|x64
		{E4B0D701-665B-3608-A548-6C9BB25DEAAE}.MinSizeRel|x64.Build.0 = MinSizeRel|x64
		{E4B0D701-665B-3608-A548-6C9BB25DEAAE}.RelWithDebInfo|x64.ActiveCfg = RelWithDebInfo|x64
		{E4B0D701-665B-3608-A548-6C9BB25DEAAE}.RelWithDebInfo|x64.Build.0 = RelWithDebInfo|x64
		{2B1890C6-56A8-3DA6-9B86-615BD2894DD7}.Debug|x64.ActiveCfg = Debug|x64
		{2B1890C6-56A8-3DA6-9B86-615BD2894DD7}.Debug|x64.Build.0 = Debug|x64
		{2B1890C6-56A8-3DA6-9B86-615BD2894DD7}.Release|x64.ActiveCfg = Release|x64
		{2B1890C6-56A8-3DA6-9B86-615BD2894DD7}.Release|x64.Build.0 = Release|x64
		{2B1890C6-56A8-3DA6-9B86-615BD2894DD7}.MinSizeRel|x64.ActiveCfg = MinSizeRel|x64
		{2B1890C6-56A8-3DA6-9B86-615BD2894DD7}.MinSizeRel|x64.Build.0 = MinSizeRel|x64
		{2B1890C6-56A8-3DA6-9B86-615BD2894DD7}.RelWithDebInfo|x64.ActiveCfg = RelWithDebInfo|x64
		{2B1890C6-56A8-3DA6-9B86-615BD2894DD7}.RelWithDebInfo|x64.Build.0 = RelWithDebInfo|x64
		{094FB53E-91C7-3C79-BE27-48BE3B91AE86}.Debug|x64.ActiveCfg = Debug|x64
		{094FB53E-91C7-3C79-BE27-48BE3B91AE86}.Debug|x64.Build.0 = Debug|x64
		{094FB53E-91C7-3C79-BE27-48BE3B91AE86}.Release|x64.ActiveCfg = Release|x64
		{094FB53E-91C7-3C79-BE27-48BE3B91AE86}.Release|x64.Build.0 = Release|x64
		{094FB53E-91C7-3C79-BE27-48BE3B91AE86}.MinSizeRel|x64.ActiveCfg = MinSizeRel|x64
		{094FB53E-91C7-3C79-BE27-48BE3B91AE86}.MinSizeRel|x64.Build.0 = MinSizeRel|x64
		{094FB53E-91C7-3C79-BE27-48BE3B91AE86}.RelWithDebInfo|x64.ActiveCfg = RelWithDebInfo|x64
		{094FB53E-91C7-3C79-BE27-48BE3B91AE86}.RelWithDebInfo|x64.Build.0 = RelWithDebInfo|x64
		{7B2130DC-50ED-3183-9CF0-2844116D2B66}.Debug|x64.ActiveCfg = Debug|x64
		{7B2130DC-50ED-3183-9CF0-2844116D2B66}.Debug|x64.Build.0 = Debug|x64
		{7B2130DC-50ED-3183-9CF0-2844116D2B66}.Release|x64.ActiveCfg = Release|x64
		{7B2130DC-50ED-3183-9CF0-2844116D2B66}.Release|x64.Build.0 = Release|x64
		{7B2130DC-50ED-3183-9CF0-2844116D2B66}.MinSizeRel|x64.ActiveCfg = MinSizeRel|x64
		{7B2130DC-50ED-3183-9CF0-2844116D2B66}.MinSizeRel|x64.Build.0 = MinSizeRel|x64
		{7B2130DC-50ED-3183-9CF0-2844116D2B66}.RelWithDebInfo|x64.ActiveCfg = RelWithDebInfo|x64
		{7B2130DC-50ED-3183-9CF0-2844116D2B66}.RelWithDebInfo|x64.Build.0 = RelWithDebInfo|x64
		{A9A5796C-8A70-3D2A-A79A-D6DAC1619B2E}.Debug|x64.ActiveCfg = Debug|x64
		{A9A5796C-8A70-3D2A-A79A-D6DAC1619B2E}.Debug|x64.Build.0 = Debug|x64
		{A9A5796C-8A70-3D2A-A79A-D6DAC1619B2E}.Release|x64.ActiveCfg = Release|x64
		{A9A5796C-8A70-3D2A-A79A-D6DAC1619B2E}.Release|x64.Build.0 = Release|x64
		{A9A5796C-8A70-3D2A-A79A-D6DAC1619B2E}.MinSizeRel|x64.ActiveCfg = MinSizeRel|x64
		{A9A5796C-8A70-3D2A-A79A-D6DAC1619B2E}.MinSizeRel|x64.Build.0 = MinSizeRel|x64
		{A9A5796C-8A70-3D2A-A79A-D6DAC1619B2E}.RelWithDebInfo|x64.ActiveCfg = RelWithDebInfo|x64
		{A9A5796C-8A70-3D2A-A79A-D6DAC1619B2E}.RelWithDebInfo|x64.Build.0 = RelWithDebInfo|x64
		{4FD6E5E4-C57B-37EE-8A13-D71B834C464A}.Debug|x64.ActiveCfg = Debug|x64
		{4FD6E5E4-C57B-37EE-8A13-D71B834C464A}.Debug|x64.Build.0 = Debug|x64
		{4FD6E5E4-C57B-37EE-8A13-D71B834C464A}.Release|x64.ActiveCfg = Release|x64
		{4FD6E5E4-C57B-37EE-8A13-D71B834C464A}.Release|x64.Build.0 = Release|x64
		{4FD6E5E4-C57B-37EE-8A13-D71B834C464A}.MinSizeRel|x64.ActiveCfg = MinSizeRel|x64
		{4FD6E5E4-C57B-37EE-8A13-D71B834C464A}.MinSizeRel|x64.Build.0 = MinSizeRel|x64
		{4FD6E5E4-C57B-37EE-8A13-D71B834C464A}.RelWithDebInfo|x64.ActiveCfg = RelWithDebInfo|x64
		{4FD6E5E4-C57B-37EE-8A13-D71B834C464A}.RelWithDebInfo|x64.Build.0 = RelWithDebInfo|x64
		{2F3C6467-0FA6-361C-A5C7-69677CB1E575}.Debug|x64.ActiveCfg = Debug|x64
		{2F3C6467-0FA6-361C-A5C7-69677CB1E575}.Debug|x64.Build.0 = Debug|x64
		{2F3C6467-0FA6-361C-A5C7-69677CB1E575}.Release|x64.ActiveCfg = Release|x64
		{2F3C6467-0FA6-361C-A5C7-69677CB1E575}.Release|x64.Build.0 = Release|x64
		{2F3C6467-0FA6-361C-A5C7-69677CB1E575}.MinSizeRel|x64.ActiveCfg = MinSizeRel|x64
		{2F3C6467-0FA6-361C-A5C7-69677CB1E575}.MinSizeRel|x64.Build.0 = MinSizeRel|x64
		{2F3C6467-0FA6-361C-A5C7-69677CB1E575}.RelWithDebInfo|x64.ActiveCfg = RelWithDebInfo|x64
		{2F3C6467-0FA6-361C-A5C7-69677CB1E575}.RelWithDebInfo|x64.Build.0 = RelWithDebInfo|x64
	EndGlobalSection
	GlobalSection(ExtensibilityGlobals) = postSolution
		SolutionGuid = {D0D62199-7EE9-3BA3-8DC2-7E32A012C210}
	EndGlobalSection
	GlobalSection(ExtensibilityAddIns) = postSolution
	EndGlobalSection
EndGlobal
