<?xml version="1.0" encoding="utf-8"?>
<Project ToolsVersion="17.0" xmlns="http://schemas.microsoft.com/developer/msbuild/2003">
  <ItemGroup>
    <ClCompile Include="D:\self\library\lpng1644\png.c">
      <Filter>Source Files</Filter>
    </ClCompile>
    <ClCompile Include="D:\self\library\lpng1644\pngerror.c">
      <Filter>Source Files</Filter>
    </ClCompile>
    <ClCompile Include="D:\self\library\lpng1644\pngget.c">
      <Filter>Source Files</Filter>
    </ClCompile>
    <ClCompile Include="D:\self\library\lpng1644\pngmem.c">
      <Filter>Source Files</Filter>
    </ClCompile>
    <ClCompile Include="D:\self\library\lpng1644\pngpread.c">
      <Filter>Source Files</Filter>
    </ClCompile>
    <ClCompile Include="D:\self\library\lpng1644\pngread.c">
      <Filter>Source Files</Filter>
    </ClCompile>
    <ClCompile Include="D:\self\library\lpng1644\pngrio.c">
      <Filter>Source Files</Filter>
    </ClCompile>
    <ClCompile Include="D:\self\library\lpng1644\pngrtran.c">
      <Filter>Source Files</Filter>
    </ClCompile>
    <ClCompile Include="D:\self\library\lpng1644\pngrutil.c">
      <Filter>Source Files</Filter>
    </ClCompile>
    <ClCompile Include="D:\self\library\lpng1644\pngset.c">
      <Filter>Source Files</Filter>
    </ClCompile>
    <ClCompile Include="D:\self\library\lpng1644\pngtrans.c">
      <Filter>Source Files</Filter>
    </ClCompile>
    <ClCompile Include="D:\self\library\lpng1644\pngwio.c">
      <Filter>Source Files</Filter>
    </ClCompile>
    <ClCompile Include="D:\self\library\lpng1644\pngwrite.c">
      <Filter>Source Files</Filter>
    </ClCompile>
    <ClCompile Include="D:\self\library\lpng1644\pngwtran.c">
      <Filter>Source Files</Filter>
    </ClCompile>
    <ClCompile Include="D:\self\library\lpng1644\pngwutil.c">
      <Filter>Source Files</Filter>
    </ClCompile>
    <ClCompile Include="D:\self\library\lpng1644\intel\intel_init.c">
      <Filter>Source Files</Filter>
    </ClCompile>
    <ClCompile Include="D:\self\library\lpng1644\intel\filter_sse2_intrinsics.c">
      <Filter>Source Files</Filter>
    </ClCompile>
  </ItemGroup>
  <ItemGroup>
    <ClInclude Include="D:\self\library\lpng1644\png.h">
      <Filter>Header Files</Filter>
    </ClInclude>
    <ClInclude Include="D:\self\library\lpng1644\pngconf.h">
      <Filter>Header Files</Filter>
    </ClInclude>
    <ClInclude Include="D:\self\library\lpng1644\pnglibconf.h">
      <Filter>Header Files</Filter>
    </ClInclude>
    <ClInclude Include="D:\self\library\lpng1644\pngpriv.h">
      <Filter>Header Files</Filter>
    </ClInclude>
    <ClInclude Include="D:\self\library\lpng1644\pngdebug.h">
      <Filter>Header Files</Filter>
    </ClInclude>
    <ClInclude Include="D:\self\library\lpng1644\pnginfo.h">
      <Filter>Header Files</Filter>
    </ClInclude>
    <ClInclude Include="D:\self\library\lpng1644\pngstruct.h">
      <Filter>Header Files</Filter>
    </ClInclude>
  </ItemGroup>
  <ItemGroup>
    <CustomBuild Include="D:\self\library\lpng1644\CMakeLists.txt" />
  </ItemGroup>
  <ItemGroup>
    <Filter Include="Header Files">
      <UniqueIdentifier>{ED812BAB-3EE7-3606-B46D-CA26D2E3338B}</UniqueIdentifier>
    </Filter>
    <Filter Include="Source Files">
      <UniqueIdentifier>{30DCF888-8A6B-3B44-B71B-014CB592B397}</UniqueIdentifier>
    </Filter>
  </ItemGroup>
</Project>
