
Microsoft Visual Studio Solution File, Format Version 12.00
# Visual Studio Version 17
Project("{8BC9CEB8-8B4A-11D0-8D11-00A0C91BC942}") = "ALL_BUILD", "ALL_BUILD.vcxproj", "{99FB5019-2952-3440-B8E1-B79D6054EEAA}"
	ProjectSection(ProjectDependencies) = postProject
		{D1D8C6D8-C01D-3CED-BA95-15E222CFFAD3} = {D1D8C6D8-C01D-3CED-BA95-15E222CFFAD3}
		{F389CED7-7EDC-3CEE-BE89-5B5001397D66} = {F389CED7-7EDC-3CEE-BE89-5B5001397D66}
		{E8B4C3DD-633D-336A-8B37-63B2E9DBB78E} = {E8B4C3DD-633D-336A-8B37-63B2E9DBB78E}
		{2F0F2410-5551-3411-A682-ADDC924EF1F8} = {2F0F2410-5551-3411-A682-ADDC924EF1F8}
		{7B2351B4-3522-3ADB-90B6-3F6657BD6FB0} = {7B2351B4-3522-3ADB-90B6-3F6657BD6FB0}
	EndProjectSection
EndProject
Project("{8BC9CEB8-8B4A-11D0-8D11-00A0C91BC942}") = "INSTALL", "INSTALL.vcxproj", "{BDF70CE7-19FB-3396-99A5-23441F931751}"
	ProjectSection(ProjectDependencies) = postProject
		{99FB5019-2952-3440-B8E1-B79D6054EEAA} = {99FB5019-2952-3440-B8E1-B79D6054EEAA}
		{D1D8C6D8-C01D-3CED-BA95-15E222CFFAD3} = {D1D8C6D8-C01D-3CED-BA95-15E222CFFAD3}
	EndProjectSection
EndProject
Project("{8BC9CEB8-8B4A-11D0-8D11-00A0C91BC942}") = "RUN_TESTS", "RUN_TESTS.vcxproj", "{EDF37370-37A3-3BE6-998B-B7712A917DDF}"
	ProjectSection(ProjectDependencies) = postProject
		{D1D8C6D8-C01D-3CED-BA95-15E222CFFAD3} = {D1D8C6D8-C01D-3CED-BA95-15E222CFFAD3}
	EndProjectSection
EndProject
Project("{8BC9CEB8-8B4A-11D0-8D11-00A0C91BC942}") = "ZERO_CHECK", "ZERO_CHECK.vcxproj", "{D1D8C6D8-C01D-3CED-BA95-15E222CFFAD3}"
	ProjectSection(ProjectDependencies) = postProject
	EndProjectSection
EndProject
Project("{8BC9CEB8-8B4A-11D0-8D11-00A0C91BC942}") = "example", "example.vcxproj", "{F389CED7-7EDC-3CEE-BE89-5B5001397D66}"
	ProjectSection(ProjectDependencies) = postProject
		{D1D8C6D8-C01D-3CED-BA95-15E222CFFAD3} = {D1D8C6D8-C01D-3CED-BA95-15E222CFFAD3}
		{2F0F2410-5551-3411-A682-ADDC924EF1F8} = {2F0F2410-5551-3411-A682-ADDC924EF1F8}
	EndProjectSection
EndProject
Project("{8BC9CEB8-8B4A-11D0-8D11-00A0C91BC942}") = "minigzip", "minigzip.vcxproj", "{E8B4C3DD-633D-336A-8B37-63B2E9DBB78E}"
	ProjectSection(ProjectDependencies) = postProject
		{D1D8C6D8-C01D-3CED-BA95-15E222CFFAD3} = {D1D8C6D8-C01D-3CED-BA95-15E222CFFAD3}
		{2F0F2410-5551-3411-A682-ADDC924EF1F8} = {2F0F2410-5551-3411-A682-ADDC924EF1F8}
	EndProjectSection
EndProject
Project("{8BC9CEB8-8B4A-11D0-8D11-00A0C91BC942}") = "zlib", "zlib.vcxproj", "{2F0F2410-5551-3411-A682-ADDC924EF1F8}"
	ProjectSection(ProjectDependencies) = postProject
		{D1D8C6D8-C01D-3CED-BA95-15E222CFFAD3} = {D1D8C6D8-C01D-3CED-BA95-15E222CFFAD3}
	EndProjectSection
EndProject
Project("{8BC9CEB8-8B4A-11D0-8D11-00A0C91BC942}") = "zlibstatic", "zlibstatic.vcxproj", "{7B2351B4-3522-3ADB-90B6-3F6657BD6FB0}"
	ProjectSection(ProjectDependencies) = postProject
		{D1D8C6D8-C01D-3CED-BA95-15E222CFFAD3} = {D1D8C6D8-C01D-3CED-BA95-15E222CFFAD3}
	EndProjectSection
EndProject
Global
	GlobalSection(SolutionConfigurationPlatforms) = preSolution
		Debug|x64 = Debug|x64
		Release|x64 = Release|x64
		MinSizeRel|x64 = MinSizeRel|x64
		RelWithDebInfo|x64 = RelWithDebInfo|x64
	EndGlobalSection
	GlobalSection(ProjectConfigurationPlatforms) = postSolution
		{99FB5019-2952-3440-B8E1-B79D6054EEAA}.Debug|x64.ActiveCfg = Debug|x64
		{99FB5019-2952-3440-B8E1-B79D6054EEAA}.Debug|x64.Build.0 = Debug|x64
		{99FB5019-2952-3440-B8E1-B79D6054EEAA}.Release|x64.ActiveCfg = Release|x64
		{99FB5019-2952-3440-B8E1-B79D6054EEAA}.Release|x64.Build.0 = Release|x64
		{99FB5019-2952-3440-B8E1-B79D6054EEAA}.MinSizeRel|x64.ActiveCfg = MinSizeRel|x64
		{99FB5019-2952-3440-B8E1-B79D6054EEAA}.MinSizeRel|x64.Build.0 = MinSizeRel|x64
		{99FB5019-2952-3440-B8E1-B79D6054EEAA}.RelWithDebInfo|x64.ActiveCfg = RelWithDebInfo|x64
		{99FB5019-2952-3440-B8E1-B79D6054EEAA}.RelWithDebInfo|x64.Build.0 = RelWithDebInfo|x64
		{BDF70CE7-19FB-3396-99A5-23441F931751}.Debug|x64.ActiveCfg = Debug|x64
		{BDF70CE7-19FB-3396-99A5-23441F931751}.Release|x64.ActiveCfg = Release|x64
		{BDF70CE7-19FB-3396-99A5-23441F931751}.MinSizeRel|x64.ActiveCfg = MinSizeRel|x64
		{BDF70CE7-19FB-3396-99A5-23441F931751}.RelWithDebInfo|x64.ActiveCfg = RelWithDebInfo|x64
		{EDF37370-37A3-3BE6-998B-B7712A917DDF}.Debug|x64.ActiveCfg = Debug|x64
		{EDF37370-37A3-3BE6-998B-B7712A917DDF}.Release|x64.ActiveCfg = Release|x64
		{EDF37370-37A3-3BE6-998B-B7712A917DDF}.MinSizeRel|x64.ActiveCfg = MinSizeRel|x64
		{EDF37370-37A3-3BE6-998B-B7712A917DDF}.RelWithDebInfo|x64.ActiveCfg = RelWithDebInfo|x64
		{D1D8C6D8-C01D-3CED-BA95-15E222CFFAD3}.Debug|x64.ActiveCfg = Debug|x64
		{D1D8C6D8-C01D-3CED-BA95-15E222CFFAD3}.Debug|x64.Build.0 = Debug|x64
		{D1D8C6D8-C01D-3CED-BA95-15E222CFFAD3}.Release|x64.ActiveCfg = Release|x64
		{D1D8C6D8-C01D-3CED-BA95-15E222CFFAD3}.Release|x64.Build.0 = Release|x64
		{D1D8C6D8-C01D-3CED-BA95-15E222CFFAD3}.MinSizeRel|x64.ActiveCfg = MinSizeRel|x64
		{D1D8C6D8-C01D-3CED-BA95-15E222CFFAD3}.MinSizeRel|x64.Build.0 = MinSizeRel|x64
		{D1D8C6D8-C01D-3CED-BA95-15E222CFFAD3}.RelWithDebInfo|x64.ActiveCfg = RelWithDebInfo|x64
		{D1D8C6D8-C01D-3CED-BA95-15E222CFFAD3}.RelWithDebInfo|x64.Build.0 = RelWithDebInfo|x64
		{F389CED7-7EDC-3CEE-BE89-5B5001397D66}.Debug|x64.ActiveCfg = Debug|x64
		{F389CED7-7EDC-3CEE-BE89-5B5001397D66}.Debug|x64.Build.0 = Debug|x64
		{F389CED7-7EDC-3CEE-BE89-5B5001397D66}.Release|x64.ActiveCfg = Release|x64
		{F389CED7-7EDC-3CEE-BE89-5B5001397D66}.Release|x64.Build.0 = Release|x64
		{F389CED7-7EDC-3CEE-BE89-5B5001397D66}.MinSizeRel|x64.ActiveCfg = MinSizeRel|x64
		{F389CED7-7EDC-3CEE-BE89-5B5001397D66}.MinSizeRel|x64.Build.0 = MinSizeRel|x64
		{F389CED7-7EDC-3CEE-BE89-5B5001397D66}.RelWithDebInfo|x64.ActiveCfg = RelWithDebInfo|x64
		{F389CED7-7EDC-3CEE-BE89-5B5001397D66}.RelWithDebInfo|x64.Build.0 = RelWithDebInfo|x64
		{E8B4C3DD-633D-336A-8B37-63B2E9DBB78E}.Debug|x64.ActiveCfg = Debug|x64
		{E8B4C3DD-633D-336A-8B37-63B2E9DBB78E}.Debug|x64.Build.0 = Debug|x64
		{E8B4C3DD-633D-336A-8B37-63B2E9DBB78E}.Release|x64.ActiveCfg = Release|x64
		{E8B4C3DD-633D-336A-8B37-63B2E9DBB78E}.Release|x64.Build.0 = Release|x64
		{E8B4C3DD-633D-336A-8B37-63B2E9DBB78E}.MinSizeRel|x64.ActiveCfg = MinSizeRel|x64
		{E8B4C3DD-633D-336A-8B37-63B2E9DBB78E}.MinSizeRel|x64.Build.0 = MinSizeRel|x64
		{E8B4C3DD-633D-336A-8B37-63B2E9DBB78E}.RelWithDebInfo|x64.ActiveCfg = RelWithDebInfo|x64
		{E8B4C3DD-633D-336A-8B37-63B2E9DBB78E}.RelWithDebInfo|x64.Build.0 = RelWithDebInfo|x64
		{2F0F2410-5551-3411-A682-ADDC924EF1F8}.Debug|x64.ActiveCfg = Debug|x64
		{2F0F2410-5551-3411-A682-ADDC924EF1F8}.Debug|x64.Build.0 = Debug|x64
		{2F0F2410-5551-3411-A682-ADDC924EF1F8}.Release|x64.ActiveCfg = Release|x64
		{2F0F2410-5551-3411-A682-ADDC924EF1F8}.Release|x64.Build.0 = Release|x64
		{2F0F2410-5551-3411-A682-ADDC924EF1F8}.MinSizeRel|x64.ActiveCfg = MinSizeRel|x64
		{2F0F2410-5551-3411-A682-ADDC924EF1F8}.MinSizeRel|x64.Build.0 = MinSizeRel|x64
		{2F0F2410-5551-3411-A682-ADDC924EF1F8}.RelWithDebInfo|x64.ActiveCfg = RelWithDebInfo|x64
		{2F0F2410-5551-3411-A682-ADDC924EF1F8}.RelWithDebInfo|x64.Build.0 = RelWithDebInfo|x64
		{7B2351B4-3522-3ADB-90B6-3F6657BD6FB0}.Debug|x64.ActiveCfg = Debug|x64
		{7B2351B4-3522-3ADB-90B6-3F6657BD6FB0}.Debug|x64.Build.0 = Debug|x64
		{7B2351B4-3522-3ADB-90B6-3F6657BD6FB0}.Release|x64.ActiveCfg = Release|x64
		{7B2351B4-3522-3ADB-90B6-3F6657BD6FB0}.Release|x64.Build.0 = Release|x64
		{7B2351B4-3522-3ADB-90B6-3F6657BD6FB0}.MinSizeRel|x64.ActiveCfg = MinSizeRel|x64
		{7B2351B4-3522-3ADB-90B6-3F6657BD6FB0}.MinSizeRel|x64.Build.0 = MinSizeRel|x64
		{7B2351B4-3522-3ADB-90B6-3F6657BD6FB0}.RelWithDebInfo|x64.ActiveCfg = RelWithDebInfo|x64
		{7B2351B4-3522-3ADB-90B6-3F6657BD6FB0}.RelWithDebInfo|x64.Build.0 = RelWithDebInfo|x64
	EndGlobalSection
	GlobalSection(ExtensibilityGlobals) = postSolution
		SolutionGuid = {7374E822-CB58-31CE-B3C1-00EFA843C803}
	EndGlobalSection
	GlobalSection(ExtensibilityAddIns) = postSolution
	EndGlobalSection
EndGlobal
